Microsoft Visual Studio Solution File, Format Version 12.00
# Visual Studio Version 17
VisualStudioVersion = 17.5.2.0
MinimumVisualStudioVersion = 10.0.40219.1
Project("{FAE04EC0-301F-11D3-BF4B-00C04F79EFBC}") = "contructors_excersice", "contructors_excersice.csproj", "{0614717E-8DD5-BDA3-CC85-0CE7AE188F16}"
EndProject
Global
	GlobalSection(SolutionConfigurationPlatforms) = preSolution
		Debug|Any CPU = Debug|Any CPU
		Release|Any CPU = Release|Any CPU
	EndGlobalSection
	GlobalSection(ProjectConfigurationPlatforms) = postSolution
		{0614717E-8DD5-BDA3-CC85-0CE7AE188F16}.Debug|Any CPU.ActiveCfg = Debug|Any CPU
		{0614717E-8DD5-BDA3-CC85-0CE7AE188F16}.Debug|Any CPU.Build.0 = Debug|Any CPU
		{0614717E-8DD5-BDA3-CC85-0CE7AE188F16}.Release|Any CPU.ActiveCfg = Release|Any CPU
		{0614717E-8DD5-BDA3-CC85-0CE7AE188F16}.Release|Any CPU.Build.0 = Release|Any CPU
	EndGlobalSection
	GlobalSection(SolutionProperties) = preSolution
		HideSolutionNode = FALSE
	EndGlobalSection
	GlobalSection(ExtensibilityGlobals) = postSolution
		SolutionGuid = {C652088E-5983-4BB9-99CD-F49879AA12F3}
	EndGlobalSection
EndGlobal
